<?xml version="1.0" encoding="utf-8"?>
<Project ToolsVersion="4.0" xmlns="http://schemas.microsoft.com/developer/msbuild/2003">
  <ItemGroup>
    <Filter Include="app">
      <UniqueIdentifier>{a1000000-0000-4000-8000-000000000001}</UniqueIdentifier>
    </Filter>
    <Filter Include="core">
      <UniqueIdentifier>{a1000000-0000-4000-8000-000000000002}</UniqueIdentifier>
    </Filter>
    <Filter Include="patches">
      <UniqueIdentifier>{a1000000-0000-4000-8000-000000000003}</UniqueIdentifier>
    </Filter>
    <Filter Include="cheats">
      <UniqueIdentifier>{a1000000-0000-4000-8000-000000000004}</UniqueIdentifier>
    </Filter>
    <Filter Include="cheats\registry">
      <UniqueIdentifier>{a1000000-0000-4000-8000-000000000009}</UniqueIdentifier>
    </Filter>
    <Filter Include="ui">
      <UniqueIdentifier>{a1000000-0000-4000-8000-000000000005}</UniqueIdentifier>
    </Filter>
    <Filter Include="platform">
      <UniqueIdentifier>{a1000000-0000-4000-8000-000000000006}</UniqueIdentifier>
    </Filter>
    <Filter Include="third_party">
      <UniqueIdentifier>{a1000000-0000-4000-8000-000000000007}</UniqueIdentifier>
    </Filter>
    <Filter Include="tests">
      <UniqueIdentifier>{a1000000-0000-4000-8000-000000000008}</UniqueIdentifier>
    </Filter>
    <Filter Include="ResourceExtern">
      <UniqueIdentifier>{c69663be-056c-41a5-b6e0-9c46a023cc7d}</UniqueIdentifier>
    </Filter>
  </ItemGroup>
  <ItemGroup>
    <ClCompile Include="app/main.cpp">
      <Filter>app</Filter>
    </ClCompile>
    <ClCompile Include="core/Cheat.cpp">
      <Filter>core</Filter>
    </ClCompile>
    <ClCompile Include="core/MemoryAccess.cpp">
      <Filter>core</Filter>
    </ClCompile>
    <ClCompile Include="core/Memory_Functions.cpp">
      <Filter>core</Filter>
    </ClCompile>
    <ClCompile Include="patches/CavePatch.cpp">
      <Filter>patches</Filter>
    </ClCompile>
    <ClCompile Include="patches/NopPatch.cpp">
      <Filter>patches</Filter>
    </ClCompile>
    <ClCompile Include="patches/WriteAddressPatch.cpp">
      <Filter>patches</Filter>
    </ClCompile>
    <ClCompile Include="cheats/CheatOption.cpp">
      <Filter>cheats</Filter>
    </ClCompile>
    <ClCompile Include="cheats/CheatOptionManager.cpp">
      <Filter>cheats</Filter>
    </ClCompile>
    <ClCompile Include="cheats/CheatRegistry.cpp">
      <Filter>cheats</Filter>
    </ClCompile>
    <ClCompile Include="cheats/CheatFactory.cpp">
      <Filter>cheats</Filter>
    </ClCompile>
    <ClCompile Include="cheats/registry/GameCheats.cpp">
      <Filter>cheats\registry</Filter>
    </ClCompile>
    <ClCompile Include="ui/UI.cpp">
      <Filter>ui</Filter>
    </ClCompile>
    <ClCompile Include="ui/Window.cpp">
      <Filter>ui</Filter>
    </ClCompile>
    <ClCompile Include="ui/D3DContext.cpp">
      <Filter>ui</Filter>
    </ClCompile>
    <ClCompile Include="ui/MainView.cpp">
      <Filter>ui</Filter>
    </ClCompile>
    <ClCompile Include="ui/UIControls.cpp">
      <Filter>ui</Filter>
    </ClCompile>
    <ClCompile Include="platform/Utils.cpp">
      <Filter>platform</Filter>
    </ClCompile>
    <ClCompile Include="platform/AudioService.cpp">
      <Filter>platform</Filter>
    </ClCompile>
    <ClCompile Include="tests/Errors_test.cpp">
      <Filter>tests</Filter>
    </ClCompile>
    <ClCompile Include="tests/CheatRegistry_test.cpp">
      <Filter>tests</Filter>
    </ClCompile>
  </ItemGroup>
  <ItemGroup>
    <ClInclude Include="app/main.h">
      <Filter>app</Filter>
    </ClInclude>
    <ClInclude Include="core/Cheat.h">
      <Filter>core</Filter>
    </ClInclude>
    <ClInclude Include="core/MemoryAccess.h">
      <Filter>core</Filter>
    </ClInclude>
    <ClInclude Include="core/Memory_Functions.h">
      <Filter>core</Filter>
    </ClInclude>
    <ClInclude Include="patches/Patch.h">
      <Filter>patches</Filter>
    </ClInclude>
    <ClInclude Include="patches/CavePatch.h">
      <Filter>patches</Filter>
    </ClInclude>
    <ClInclude Include="patches/NopPatch.h">
      <Filter>patches</Filter>
    </ClInclude>
    <ClInclude Include="patches/WriteAddressPatch.h">
      <Filter>patches</Filter>
    </ClInclude>
    <ClInclude Include="patches/PatchLibrary.h">
      <Filter>patches</Filter>
    </ClInclude>
    <ClInclude Include="cheats/CheatOption.h">
      <Filter>cheats</Filter>
    </ClInclude>
    <ClInclude Include="cheats/CheatOptionManager.h">
      <Filter>cheats</Filter>
    </ClInclude>
    <ClInclude Include="cheats/CheatDefinition.h">
      <Filter>cheats</Filter>
    </ClInclude>
    <ClInclude Include="cheats/CheatRegistry.h">
      <Filter>cheats</Filter>
    </ClInclude>
    <ClInclude Include="cheats/CheatFactory.h">
      <Filter>cheats</Filter>
    </ClInclude>
    <ClInclude Include="ui/UI.h">
      <Filter>ui</Filter>
    </ClInclude>
    <ClInclude Include="ui/Window.h">
      <Filter>ui</Filter>
    </ClInclude>
    <ClInclude Include="ui/D3DContext.h">
      <Filter>ui</Filter>
    </ClInclude>
    <ClInclude Include="ui/MainView.h">
      <Filter>ui</Filter>
    </ClInclude>
    <ClInclude Include="ui/UIControls.h">
      <Filter>ui</Filter>
    </ClInclude>
    <ClInclude Include="ui/ImGuiConsole.h">
      <Filter>ui</Filter>
    </ClInclude>
    <ClInclude Include="ui/ImGuiThemes.h">
      <Filter>ui</Filter>
    </ClInclude>
    <ClInclude Include="platform/Utils.h">
      <Filter>platform</Filter>
    </ClInclude>
    <ClInclude Include="platform/AudioService.h">
      <Filter>platform</Filter>
    </ClInclude>
    <ClInclude Include="platform/VKeys.h">
      <Filter>platform</Filter>
    </ClInclude>
    <ClInclude Include="third_party/nmd_assembly.h">
      <Filter>third_party</Filter>
    </ClInclude>
    <ClInclude Include="resource.h" />
  </ItemGroup>
  <ItemGroup>
    <Media Include="ResourceExtern\activ.wav">
      <Filter>ResourceExtern</Filter>
    </Media>
    <Media Include="ResourceExtern\deactiv.wav">
      <Filter>ResourceExtern</Filter>
    </Media>
  </ItemGroup>
  <ItemGroup>
    <ResourceCompile Include="TrainerForC++.rc" />
  </ItemGroup>
  <ItemGroup>
    <Image Include="ResourceExtern\TrainerIcon.ico">
      <Filter>ResourceExtern</Filter>
    </Image>
    <Image Include="ResourceExtern\newLogo.ico">
      <Filter>ResourceExtern</Filter>
    </Image>
    <Image Include="ResourceExtern\NewWhiteLogo.ico">
      <Filter>ResourceExtern</Filter>
    </Image>
    <Image Include="ResourceExtern\false.png">
      <Filter>ResourceExtern</Filter>
    </Image>
    <Image Include="ResourceExtern\true.png">
      <Filter>ResourceExtern</Filter>
    </Image>
    <Image Include="ResourceExtern\newLogo16x16.ico">
      <Filter>ResourceExtern</Filter>
    </Image>
  </ItemGroup>
  <ItemGroup>
    <Font Include="ResourceExtern\FRIZQT.ttf">
      <Filter>ResourceExtern</Filter>
    </Font>
  </ItemGroup>
  <ItemGroup>
    <CopyFileToFolders Include="ResourceExtern\gmock.dll">
      <Filter>ResourceExtern</Filter>
    </CopyFileToFolders>
  </ItemGroup>
</Project>
